// !$*UTF8*$!
{
	archiveVersion = 1;
	classes = {
	};
	objectVersion = 50;
	objects = {

/* Begin PBXBuildFile section */
		6071EED8B62B6F65B0BFE3A3 /* Pods_doit.framework in Frameworks */ = {isa = PBXBuildFile; fileRef = 47433DDA09EDEC4C10833BD4 /* Pods_doit.framework */; };
		DA3C93DB22E2ECE400711267 /* ProfileMetaView.swift in Sources */ = {isa = PBXBuildFile; fileRef = DA3C93DA22E2ECE400711267 /* ProfileMetaView.swift */; };
		DA3C93DF22E3069C00711267 /* AlertSettingsView.swift in Sources */ = {isa = PBXBuildFile; fileRef = DA3C93DE22E3069C00711267 /* AlertSettingsView.swift */; };
		DA3C93E122E3073400711267 /* SettingsHeaderView.swift in Sources */ = {isa = PBXBuildFile; fileRef = DA3C93E022E3073400711267 /* SettingsHeaderView.swift */; };
		DA3C93E322E308A800711267 /* PlainSettingsViewCell.swift in Sources */ = {isa = PBXBuildFile; fileRef = DA3C93E222E308A800711267 /* PlainSettingsViewCell.swift */; };
		DA3C93E522E308B700711267 /* SwitchableSettingsViewCell.swift in Sources */ = {isa = PBXBuildFile; fileRef = DA3C93E422E308B700711267 /* SwitchableSettingsViewCell.swift */; };
		DA3C93E722E308C800711267 /* TextSettingsViewCell.swift in Sources */ = {isa = PBXBuildFile; fileRef = DA3C93E622E308C800711267 /* TextSettingsViewCell.swift */; };
		DA3C93EA22E30BD400711267 /* GoalSettingsView.swift in Sources */ = {isa = PBXBuildFile; fileRef = DA3C93E922E30BD400711267 /* GoalSettingsView.swift */; };
		DA3C93EC22E30C8500711267 /* FeedbackSettingsView.swift in Sources */ = {isa = PBXBuildFile; fileRef = DA3C93EB22E30C8500711267 /* FeedbackSettingsView.swift */; };
		DA3C93EE22E30C8D00711267 /* AppSettingsView.swift in Sources */ = {isa = PBXBuildFile; fileRef = DA3C93ED22E30C8D00711267 /* AppSettingsView.swift */; };
		DA40A5EA22A269A2006431A4 /* ImagePickerViewController.swift in Sources */ = {isa = PBXBuildFile; fileRef = DA40A5E922A269A2006431A4 /* ImagePickerViewController.swift */; };
		DA40A5EC22A26D5A006431A4 /* TimerViewController.swift in Sources */ = {isa = PBXBuildFile; fileRef = DA40A5EB22A26D5A006431A4 /* TimerViewController.swift */; };
		DA40A5EE22A27390006431A4 /* Date.swift in Sources */ = {isa = PBXBuildFile; fileRef = DA40A5ED22A27390006431A4 /* Date.swift */; };
		DA649B0822D9AE8700F9F371 /* GoalsViewModel.swift in Sources */ = {isa = PBXBuildFile; fileRef = DA649B0722D9AE8700F9F371 /* GoalsViewModel.swift */; };
		DA649B0A22D9BF2500F9F371 /* CircularProgressBar.swift in Sources */ = {isa = PBXBuildFile; fileRef = DA649B0922D9BF2500F9F371 /* CircularProgressBar.swift */; };
		DAD7A83C22C8D53F00FCA0E5 /* NavigationBarView.swift in Sources */ = {isa = PBXBuildFile; fileRef = DAD7A83B22C8D53F00FCA0E5 /* NavigationBarView.swift */; };
		DAD7A83F22C8D56B00FCA0E5 /* NavigationBarHighlightButton.swift in Sources */ = {isa = PBXBuildFile; fileRef = DAD7A83E22C8D56B00FCA0E5 /* NavigationBarHighlightButton.swift */; };
		DAD7A84122C8D5C300FCA0E5 /* CustomTabBarController.swift in Sources */ = {isa = PBXBuildFile; fileRef = DAD7A84022C8D5C300FCA0E5 /* CustomTabBarController.swift */; };
		DAD7A84322C8D77100FCA0E5 /* ProfileViewController.swift in Sources */ = {isa = PBXBuildFile; fileRef = DAD7A84222C8D77100FCA0E5 /* ProfileViewController.swift */; };
		DAD7A84522C8D7F900FCA0E5 /* UIFont.swift in Sources */ = {isa = PBXBuildFile; fileRef = DAD7A84422C8D7F900FCA0E5 /* UIFont.swift */; };
		DAD7A84722C8E21800FCA0E5 /* NavigationOption.swift in Sources */ = {isa = PBXBuildFile; fileRef = DAD7A84622C8E21800FCA0E5 /* NavigationOption.swift */; };
		DAD7A84922C8E2AA00FCA0E5 /* NavigationBarButton.swift in Sources */ = {isa = PBXBuildFile; fileRef = DAD7A84822C8E2AA00FCA0E5 /* NavigationBarButton.swift */; };
		DADBABE822992A1A00FD6A5A /* AppDelegate.swift in Sources */ = {isa = PBXBuildFile; fileRef = DADBABE722992A1A00FD6A5A /* AppDelegate.swift */; };
		DADBABEF22992A1A00FD6A5A /* Assets.xcassets in Resources */ = {isa = PBXBuildFile; fileRef = DADBABEE22992A1A00FD6A5A /* Assets.xcassets */; };
		DADBABF222992A1A00FD6A5A /* LaunchScreen.storyboard in Resources */ = {isa = PBXBuildFile; fileRef = DADBABF022992A1A00FD6A5A /* LaunchScreen.storyboard */; };
		DADBABFD22992B3600FD6A5A /* SplashViewController.swift in Sources */ = {isa = PBXBuildFile; fileRef = DADBABFB22992B3600FD6A5A /* SplashViewController.swift */; };
		DADBABFE22992B3600FD6A5A /* LoginViewController.swift in Sources */ = {isa = PBXBuildFile; fileRef = DADBABFC22992B3600FD6A5A /* LoginViewController.swift */; };
		DADBAC0322992BC500FD6A5A /* KakaoCommon.framework in Frameworks */ = {isa = PBXBuildFile; fileRef = DADBAC0122992BC500FD6A5A /* KakaoCommon.framework */; };
		DADBAC0422992BC500FD6A5A /* KakaoOpenSDK.framework in Frameworks */ = {isa = PBXBuildFile; fileRef = DADBAC0222992BC500FD6A5A /* KakaoOpenSDK.framework */; };
		DADBAC072299310E00FD6A5A /* GoogleService-Info.plist in Resources */ = {isa = PBXBuildFile; fileRef = DADBAC062299310E00FD6A5A /* GoogleService-Info.plist */; };
		DADBAC09229933A100FD6A5A /* GoalsViewController.swift in Sources */ = {isa = PBXBuildFile; fileRef = DADBAC08229933A100FD6A5A /* GoalsViewController.swift */; };
		DADBAC0D229936CF00FD6A5A /* FontProvider.swift in Sources */ = {isa = PBXBuildFile; fileRef = DADBAC0B229936CF00FD6A5A /* FontProvider.swift */; };
		DADBAC0E229936CF00FD6A5A /* SettingsProvider.swift in Sources */ = {isa = PBXBuildFile; fileRef = DADBAC0C229936CF00FD6A5A /* SettingsProvider.swift */; };
		DADBAC182299378200FD6A5A /* CALayer.swift in Sources */ = {isa = PBXBuildFile; fileRef = DADBAC122299378200FD6A5A /* CALayer.swift */; };
		DADBAC192299378200FD6A5A /* Array.swift in Sources */ = {isa = PBXBuildFile; fileRef = DADBAC132299378200FD6A5A /* Array.swift */; };
		DADBAC1A2299378200FD6A5A /* UIColor.swift in Sources */ = {isa = PBXBuildFile; fileRef = DADBAC142299378200FD6A5A /* UIColor.swift */; };
		DADBAC1B2299378200FD6A5A /* UITableViewCell.swift in Sources */ = {isa = PBXBuildFile; fileRef = DADBAC152299378200FD6A5A /* UITableViewCell.swift */; };
		DADBAC1C2299378200FD6A5A /* String.swift in Sources */ = {isa = PBXBuildFile; fileRef = DADBAC162299378200FD6A5A /* String.swift */; };
		DADBAC1D2299378200FD6A5A /* UIImageView.swift in Sources */ = {isa = PBXBuildFile; fileRef = DADBAC172299378200FD6A5A /* UIImageView.swift */; };
		DAF0483222D07C67000CBC4B /* UIButton.swift in Sources */ = {isa = PBXBuildFile; fileRef = DAF0483122D07C67000CBC4B /* UIButton.swift */; };
		DAF0483722D07E4C000CBC4B /* AddShootViewController.swift in Sources */ = {isa = PBXBuildFile; fileRef = DAF0483622D07E4C000CBC4B /* AddShootViewController.swift */; };
		DAF0483A22D0867C000CBC4B /* GoalViewCell.swift in Sources */ = {isa = PBXBuildFile; fileRef = DAF0483922D0867C000CBC4B /* GoalViewCell.swift */; };
		DAF0483E22D086F6000CBC4B /* PagingCollectionViewFlowLayout.swift in Sources */ = {isa = PBXBuildFile; fileRef = DAF0483D22D086F6000CBC4B /* PagingCollectionViewFlowLayout.swift */; };
		DAF0484122D08DCC000CBC4B /* Goal.swift in Sources */ = {isa = PBXBuildFile; fileRef = DAF0484022D08DCC000CBC4B /* Goal.swift */; };
		DAF0484422D09558000CBC4B /* AddGoalViewController.swift in Sources */ = {isa = PBXBuildFile; fileRef = DAF0484322D09558000CBC4B /* AddGoalViewController.swift */; };
/* End PBXBuildFile section */

/* Begin PBXFileReference section */
		321E332FC45F75F1461D8BBF /* Pods-doit.debug.xcconfig */ = {isa = PBXFileReference; includeInIndex = 1; lastKnownFileType = text.xcconfig; name = "Pods-doit.debug.xcconfig"; path = "Pods/Target Support Files/Pods-doit/Pods-doit.debug.xcconfig"; sourceTree = "<group>"; };
		47433DDA09EDEC4C10833BD4 /* Pods_doit.framework */ = {isa = PBXFileReference; explicitFileType = wrapper.framework; includeInIndex = 0; path = Pods_doit.framework; sourceTree = BUILT_PRODUCTS_DIR; };
		906B48CFB9F90F305776D360 /* Pods-doit.release.xcconfig */ = {isa = PBXFileReference; includeInIndex = 1; lastKnownFileType = text.xcconfig; name = "Pods-doit.release.xcconfig"; path = "Pods/Target Support Files/Pods-doit/Pods-doit.release.xcconfig"; sourceTree = "<group>"; };
		DA3C93DA22E2ECE400711267 /* ProfileMetaView.swift */ = {isa = PBXFileReference; lastKnownFileType = sourcecode.swift; path = ProfileMetaView.swift; sourceTree = "<group>"; };
		DA3C93DE22E3069C00711267 /* AlertSettingsView.swift */ = {isa = PBXFileReference; lastKnownFileType = sourcecode.swift; path = AlertSettingsView.swift; sourceTree = "<group>"; };
		DA3C93E022E3073400711267 /* SettingsHeaderView.swift */ = {isa = PBXFileReference; lastKnownFileType = sourcecode.swift; path = SettingsHeaderView.swift; sourceTree = "<group>"; };
		DA3C93E222E308A800711267 /* PlainSettingsViewCell.swift */ = {isa = PBXFileReference; lastKnownFileType = sourcecode.swift; path = PlainSettingsViewCell.swift; sourceTree = "<group>"; };
		DA3C93E422E308B700711267 /* SwitchableSettingsViewCell.swift */ = {isa = PBXFileReference; lastKnownFileType = sourcecode.swift; path = SwitchableSettingsViewCell.swift; sourceTree = "<group>"; };
		DA3C93E622E308C800711267 /* TextSettingsViewCell.swift */ = {isa = PBXFileReference; lastKnownFileType = sourcecode.swift; path = TextSettingsViewCell.swift; sourceTree = "<group>"; };
		DA3C93E922E30BD400711267 /* GoalSettingsView.swift */ = {isa = PBXFileReference; lastKnownFileType = sourcecode.swift; path = GoalSettingsView.swift; sourceTree = "<group>"; };
		DA3C93EB22E30C8500711267 /* FeedbackSettingsView.swift */ = {isa = PBXFileReference; lastKnownFileType = sourcecode.swift; path = FeedbackSettingsView.swift; sourceTree = "<group>"; };
		DA3C93ED22E30C8D00711267 /* AppSettingsView.swift */ = {isa = PBXFileReference; lastKnownFileType = sourcecode.swift; path = AppSettingsView.swift; sourceTree = "<group>"; };
		DA40A5E922A269A2006431A4 /* ImagePickerViewController.swift */ = {isa = PBXFileReference; lastKnownFileType = sourcecode.swift; path = ImagePickerViewController.swift; sourceTree = "<group>"; };
		DA40A5EB22A26D5A006431A4 /* TimerViewController.swift */ = {isa = PBXFileReference; lastKnownFileType = sourcecode.swift; path = TimerViewController.swift; sourceTree = "<group>"; };
		DA40A5ED22A27390006431A4 /* Date.swift */ = {isa = PBXFileReference; lastKnownFileType = sourcecode.swift; path = Date.swift; sourceTree = "<group>"; };
		DA649B0722D9AE8700F9F371 /* GoalsViewModel.swift */ = {isa = PBXFileReference; lastKnownFileType = sourcecode.swift; path = GoalsViewModel.swift; sourceTree = "<group>"; };
		DA649B0922D9BF2500F9F371 /* CircularProgressBar.swift */ = {isa = PBXFileReference; lastKnownFileType = sourcecode.swift; path = CircularProgressBar.swift; sourceTree = "<group>"; };
		DAD7A83B22C8D53F00FCA0E5 /* NavigationBarView.swift */ = {isa = PBXFileReference; lastKnownFileType = sourcecode.swift; path = NavigationBarView.swift; sourceTree = "<group>"; };
		DAD7A83E22C8D56B00FCA0E5 /* NavigationBarHighlightButton.swift */ = {isa = PBXFileReference; lastKnownFileType = sourcecode.swift; path = NavigationBarHighlightButton.swift; sourceTree = "<group>"; };
		DAD7A84022C8D5C300FCA0E5 /* CustomTabBarController.swift */ = {isa = PBXFileReference; lastKnownFileType = sourcecode.swift; path = CustomTabBarController.swift; sourceTree = "<group>"; };
		DAD7A84222C8D77100FCA0E5 /* ProfileViewController.swift */ = {isa = PBXFileReference; lastKnownFileType = sourcecode.swift; path = ProfileViewController.swift; sourceTree = "<group>"; };
		DAD7A84422C8D7F900FCA0E5 /* UIFont.swift */ = {isa = PBXFileReference; lastKnownFileType = sourcecode.swift; path = UIFont.swift; sourceTree = "<group>"; };
		DAD7A84622C8E21800FCA0E5 /* NavigationOption.swift */ = {isa = PBXFileReference; lastKnownFileType = sourcecode.swift; path = NavigationOption.swift; sourceTree = "<group>"; };
		DAD7A84822C8E2AA00FCA0E5 /* NavigationBarButton.swift */ = {isa = PBXFileReference; lastKnownFileType = sourcecode.swift; path = NavigationBarButton.swift; sourceTree = "<group>"; };
		DADBABE422992A1A00FD6A5A /* doit.app */ = {isa = PBXFileReference; explicitFileType = wrapper.application; includeInIndex = 0; path = doit.app; sourceTree = BUILT_PRODUCTS_DIR; };
		DADBABE722992A1A00FD6A5A /* AppDelegate.swift */ = {isa = PBXFileReference; lastKnownFileType = sourcecode.swift; path = AppDelegate.swift; sourceTree = "<group>"; };
		DADBABEE22992A1A00FD6A5A /* Assets.xcassets */ = {isa = PBXFileReference; lastKnownFileType = folder.assetcatalog; path = Assets.xcassets; sourceTree = "<group>"; };
		DADBABF122992A1A00FD6A5A /* Base */ = {isa = PBXFileReference; lastKnownFileType = file.storyboard; name = Base; path = Base.lproj/LaunchScreen.storyboard; sourceTree = "<group>"; };
		DADBABF322992A1A00FD6A5A /* Info.plist */ = {isa = PBXFileReference; lastKnownFileType = text.plist.xml; path = Info.plist; sourceTree = "<group>"; };
		DADBABFB22992B3600FD6A5A /* SplashViewController.swift */ = {isa = PBXFileReference; fileEncoding = 4; lastKnownFileType = sourcecode.swift; path = SplashViewController.swift; sourceTree = "<group>"; };
		DADBABFC22992B3600FD6A5A /* LoginViewController.swift */ = {isa = PBXFileReference; fileEncoding = 4; lastKnownFileType = sourcecode.swift; path = LoginViewController.swift; sourceTree = "<group>"; };
		DADBAC0122992BC500FD6A5A /* KakaoCommon.framework */ = {isa = PBXFileReference; lastKnownFileType = wrapper.framework; path = KakaoCommon.framework; sourceTree = "<group>"; };
		DADBAC0222992BC500FD6A5A /* KakaoOpenSDK.framework */ = {isa = PBXFileReference; lastKnownFileType = wrapper.framework; path = KakaoOpenSDK.framework; sourceTree = "<group>"; };
		DADBAC0522992CDE00FD6A5A /* KakaoOpenSDK-Bridging-Header.h */ = {isa = PBXFileReference; fileEncoding = 4; lastKnownFileType = sourcecode.c.h; path = "KakaoOpenSDK-Bridging-Header.h"; sourceTree = "<group>"; };
		DADBAC062299310E00FD6A5A /* GoogleService-Info.plist */ = {isa = PBXFileReference; fileEncoding = 4; lastKnownFileType = text.plist.xml; path = "GoogleService-Info.plist"; sourceTree = "<group>"; };
		DADBAC08229933A100FD6A5A /* GoalsViewController.swift */ = {isa = PBXFileReference; fileEncoding = 4; lastKnownFileType = sourcecode.swift; path = GoalsViewController.swift; sourceTree = "<group>"; };
		DADBAC0B229936CF00FD6A5A /* FontProvider.swift */ = {isa = PBXFileReference; fileEncoding = 4; lastKnownFileType = sourcecode.swift; path = FontProvider.swift; sourceTree = "<group>"; };
		DADBAC0C229936CF00FD6A5A /* SettingsProvider.swift */ = {isa = PBXFileReference; fileEncoding = 4; lastKnownFileType = sourcecode.swift; path = SettingsProvider.swift; sourceTree = "<group>"; };
		DADBAC122299378200FD6A5A /* CALayer.swift */ = {isa = PBXFileReference; fileEncoding = 4; lastKnownFileType = sourcecode.swift; path = CALayer.swift; sourceTree = "<group>"; };
		DADBAC132299378200FD6A5A /* Array.swift */ = {isa = PBXFileReference; fileEncoding = 4; lastKnownFileType = sourcecode.swift; path = Array.swift; sourceTree = "<group>"; };
		DADBAC142299378200FD6A5A /* UIColor.swift */ = {isa = PBXFileReference; fileEncoding = 4; lastKnownFileType = sourcecode.swift; path = UIColor.swift; sourceTree = "<group>"; };
		DADBAC152299378200FD6A5A /* UITableViewCell.swift */ = {isa = PBXFileReference; fileEncoding = 4; lastKnownFileType = sourcecode.swift; path = UITableViewCell.swift; sourceTree = "<group>"; };
		DADBAC162299378200FD6A5A /* String.swift */ = {isa = PBXFileReference; fileEncoding = 4; lastKnownFileType = sourcecode.swift; path = String.swift; sourceTree = "<group>"; };
		DADBAC172299378200FD6A5A /* UIImageView.swift */ = {isa = PBXFileReference; fileEncoding = 4; lastKnownFileType = sourcecode.swift; path = UIImageView.swift; sourceTree = "<group>"; };
		DAF0483122D07C67000CBC4B /* UIButton.swift */ = {isa = PBXFileReference; lastKnownFileType = sourcecode.swift; path = UIButton.swift; sourceTree = "<group>"; };
		DAF0483622D07E4C000CBC4B /* AddShootViewController.swift */ = {isa = PBXFileReference; lastKnownFileType = sourcecode.swift; path = AddShootViewController.swift; sourceTree = "<group>"; };
		DAF0483922D0867C000CBC4B /* GoalViewCell.swift */ = {isa = PBXFileReference; lastKnownFileType = sourcecode.swift; path = GoalViewCell.swift; sourceTree = "<group>"; };
		DAF0483D22D086F6000CBC4B /* PagingCollectionViewFlowLayout.swift */ = {isa = PBXFileReference; lastKnownFileType = sourcecode.swift; path = PagingCollectionViewFlowLayout.swift; sourceTree = "<group>"; };
		DAF0484022D08DCC000CBC4B /* Goal.swift */ = {isa = PBXFileReference; lastKnownFileType = sourcecode.swift; path = Goal.swift; sourceTree = "<group>"; };
		DAF0484322D09558000CBC4B /* AddGoalViewController.swift */ = {isa = PBXFileReference; lastKnownFileType = sourcecode.swift; path = AddGoalViewController.swift; sourceTree = "<group>"; };
/* End PBXFileReference section */

/* Begin PBXFrameworksBuildPhase section */
		DADBABE122992A1A00FD6A5A /* Frameworks */ = {
			isa = PBXFrameworksBuildPhase;
			buildActionMask = 2147483647;
			files = (
				6071EED8B62B6F65B0BFE3A3 /* Pods_doit.framework in Frameworks */,
				DADBAC0322992BC500FD6A5A /* KakaoCommon.framework in Frameworks */,
				DADBAC0422992BC500FD6A5A /* KakaoOpenSDK.framework in Frameworks */,
			);
			runOnlyForDeploymentPostprocessing = 0;
		};
/* End PBXFrameworksBuildPhase section */

/* Begin PBXGroup section */
		15E10534D270499E0AF742E4 /* Pods */ = {
			isa = PBXGroup;
			children = (
				321E332FC45F75F1461D8BBF /* Pods-doit.debug.xcconfig */,
				906B48CFB9F90F305776D360 /* Pods-doit.release.xcconfig */,
			);
			name = Pods;
			sourceTree = "<group>";
		};
		AADB155B6DDD6A1272A0FE81 /* Frameworks */ = {
			isa = PBXGroup;
			children = (
				DADBAC0122992BC500FD6A5A /* KakaoCommon.framework */,
				DADBAC0222992BC500FD6A5A /* KakaoOpenSDK.framework */,
				47433DDA09EDEC4C10833BD4 /* Pods_doit.framework */,
			);
			name = Frameworks;
			sourceTree = "<group>";
		};
		DA3C93E822E308CB00711267 /* settings */ = {
			isa = PBXGroup;
			children = (
				DA3C93DE22E3069C00711267 /* AlertSettingsView.swift */,
				DA3C93E922E30BD400711267 /* GoalSettingsView.swift */,
				DA3C93EB22E30C8500711267 /* FeedbackSettingsView.swift */,
				DA3C93ED22E30C8D00711267 /* AppSettingsView.swift */,
				DA3C93E022E3073400711267 /* SettingsHeaderView.swift */,
				DA3C93E222E308A800711267 /* PlainSettingsViewCell.swift */,
				DA3C93E422E308B700711267 /* SwitchableSettingsViewCell.swift */,
				DA3C93E622E308C800711267 /* TextSettingsViewCell.swift */,
			);
			path = settings;
			sourceTree = "<group>";
		};
		DA40A5E822A26661006431A4 /* customviews */ = {
			isa = PBXGroup;
			children = (
				DA3C93E822E308CB00711267 /* settings */,
				DAD7A83D22C8D54400FCA0E5 /* navigation */,
				DA649B0922D9BF2500F9F371 /* CircularProgressBar.swift */,
				DA3C93DA22E2ECE400711267 /* ProfileMetaView.swift */,
			);
			path = customviews;
			sourceTree = "<group>";
		};
		DAD7A83D22C8D54400FCA0E5 /* navigation */ = {
			isa = PBXGroup;
			children = (
				DAD7A83B22C8D53F00FCA0E5 /* NavigationBarView.swift */,
				DAD7A83E22C8D56B00FCA0E5 /* NavigationBarHighlightButton.swift */,
				DAD7A84622C8E21800FCA0E5 /* NavigationOption.swift */,
				DAD7A84822C8E2AA00FCA0E5 /* NavigationBarButton.swift */,
			);
			path = navigation;
			sourceTree = "<group>";
		};
		DADBABDB22992A1A00FD6A5A = {
			isa = PBXGroup;
			children = (
				DADBABE622992A1A00FD6A5A /* doit */,
				DADBABE522992A1A00FD6A5A /* Products */,
				15E10534D270499E0AF742E4 /* Pods */,
				AADB155B6DDD6A1272A0FE81 /* Frameworks */,
			);
			sourceTree = "<group>";
		};
		DADBABE522992A1A00FD6A5A /* Products */ = {
			isa = PBXGroup;
			children = (
				DADBABE422992A1A00FD6A5A /* doit.app */,
			);
			name = Products;
			sourceTree = "<group>";
		};
		DADBABE622992A1A00FD6A5A /* doit */ = {
			isa = PBXGroup;
			children = (
				DADBABFA22992B1600FD6A5A /* data */,
				DADBAC112299378200FD6A5A /* extensions */,
				DADBABF922992B0F00FD6A5A /* presentation */,
				DADBABE722992A1A00FD6A5A /* AppDelegate.swift */,
				DADBABEE22992A1A00FD6A5A /* Assets.xcassets */,
				DADBABF022992A1A00FD6A5A /* LaunchScreen.storyboard */,
				DADBABF322992A1A00FD6A5A /* Info.plist */,
				DADBAC0522992CDE00FD6A5A /* KakaoOpenSDK-Bridging-Header.h */,
				DADBAC062299310E00FD6A5A /* GoogleService-Info.plist */,
			);
			path = doit;
			sourceTree = "<group>";
		};
		DADBABF922992B0F00FD6A5A /* presentation */ = {
			isa = PBXGroup;
			children = (
				DAF0483822D07E78000CBC4B /* auth */,
				DAF0483522D07E41000CBC4B /* shoots */,
				DAF0483422D07D5C000CBC4B /* goals */,
				DAF0483322D07D53000CBC4B /* profile */,
				DA40A5E822A26661006431A4 /* customviews */,
				DA40A5E922A269A2006431A4 /* ImagePickerViewController.swift */,
				DA40A5EB22A26D5A006431A4 /* TimerViewController.swift */,
				DAD7A84022C8D5C300FCA0E5 /* CustomTabBarController.swift */,
			);
			path = presentation;
			sourceTree = "<group>";
		};
		DADBABFA22992B1600FD6A5A /* data */ = {
			isa = PBXGroup;
			children = (
				DAF0483F22D08DC2000CBC4B /* entity */,
				DADBAC102299375600FD6A5A /* service */,
				DADBAC0F2299374E00FD6A5A /* network */,
				DADBAC0A229936CF00FD6A5A /* configuration */,
			);
			path = data;
			sourceTree = "<group>";
		};
		DADBAC0A229936CF00FD6A5A /* configuration */ = {
			isa = PBXGroup;
			children = (
				DADBAC0B229936CF00FD6A5A /* FontProvider.swift */,
				DADBAC0C229936CF00FD6A5A /* SettingsProvider.swift */,
			);
			path = configuration;
			sourceTree = "<group>";
		};
		DADBAC0F2299374E00FD6A5A /* network */ = {
			isa = PBXGroup;
			children = (
			);
			path = network;
			sourceTree = "<group>";
		};
		DADBAC102299375600FD6A5A /* service */ = {
			isa = PBXGroup;
			children = (
			);
			path = service;
			sourceTree = "<group>";
		};
		DADBAC112299378200FD6A5A /* extensions */ = {
			isa = PBXGroup;
			children = (
				DADBAC122299378200FD6A5A /* CALayer.swift */,
				DADBAC132299378200FD6A5A /* Array.swift */,
				DADBAC142299378200FD6A5A /* UIColor.swift */,
				DADBAC152299378200FD6A5A /* UITableViewCell.swift */,
				DADBAC162299378200FD6A5A /* String.swift */,
				DADBAC172299378200FD6A5A /* UIImageView.swift */,
				DA40A5ED22A27390006431A4 /* Date.swift */,
				DAD7A84422C8D7F900FCA0E5 /* UIFont.swift */,
				DAF0483122D07C67000CBC4B /* UIButton.swift */,
			);
			name = extensions;
			path = doit/extensions;
			sourceTree = SOURCE_ROOT;
		};
		DAF0483322D07D53000CBC4B /* profile */ = {
			isa = PBXGroup;
			children = (
				DAD7A84222C8D77100FCA0E5 /* ProfileViewController.swift */,
			);
			path = profile;
			sourceTree = "<group>";
		};
		DAF0483422D07D5C000CBC4B /* goals */ = {
			isa = PBXGroup;
			children = (
				DADBAC08229933A100FD6A5A /* GoalsViewController.swift */,
				DA649B0722D9AE8700F9F371 /* GoalsViewModel.swift */,
				DAF0483922D0867C000CBC4B /* GoalViewCell.swift */,
				DAF0483D22D086F6000CBC4B /* PagingCollectionViewFlowLayout.swift */,
				DAF0484322D09558000CBC4B /* AddGoalViewController.swift */,
			);
			path = goals;
			sourceTree = "<group>";
		};
		DAF0483522D07E41000CBC4B /* shoots */ = {
			isa = PBXGroup;
			children = (
				DAF0483622D07E4C000CBC4B /* AddShootViewController.swift */,
			);
			path = shoots;
			sourceTree = "<group>";
		};
		DAF0483822D07E78000CBC4B /* auth */ = {
			isa = PBXGroup;
			children = (
				DADBABFC22992B3600FD6A5A /* LoginViewController.swift */,
				DADBABFB22992B3600FD6A5A /* SplashViewController.swift */,
			);
			path = auth;
			sourceTree = "<group>";
		};
		DAF0483F22D08DC2000CBC4B /* entity */ = {
			isa = PBXGroup;
			children = (
				DAF0484022D08DCC000CBC4B /* Goal.swift */,
			);
			path = entity;
			sourceTree = "<group>";
		};
/* End PBXGroup section */

/* Begin PBXNativeTarget section */
		DADBABE322992A1A00FD6A5A /* doit */ = {
			isa = PBXNativeTarget;
			buildConfigurationList = DADBABF622992A1A00FD6A5A /* Build configuration list for PBXNativeTarget "doit" */;
			buildPhases = (
				DF9AE55C8EE821A66CDD62C0 /* [CP] Check Pods Manifest.lock */,
				DADBABE022992A1A00FD6A5A /* Sources */,
				DADBABE122992A1A00FD6A5A /* Frameworks */,
				DADBABE222992A1A00FD6A5A /* Resources */,
				C5D862B975AEE4FE2248E130 /* [CP] Embed Pods Frameworks */,
			);
			buildRules = (
			);
			dependencies = (
			);
			name = doit;
			productName = doit;
			productReference = DADBABE422992A1A00FD6A5A /* doit.app */;
			productType = "com.apple.product-type.application";
		};
/* End PBXNativeTarget section */

/* Begin PBXProject section */
		DADBABDC22992A1A00FD6A5A /* Project object */ = {
			isa = PBXProject;
			attributes = {
				LastSwiftUpdateCheck = 1020;
				LastUpgradeCheck = 1020;
				ORGANIZATIONNAME = Depromeet;
				TargetAttributes = {
					DADBABE322992A1A00FD6A5A = {
						CreatedOnToolsVersion = 10.2.1;
					};
				};
			};
			buildConfigurationList = DADBABDF22992A1A00FD6A5A /* Build configuration list for PBXProject "doit" */;
			compatibilityVersion = "Xcode 9.3";
			developmentRegion = en;
			hasScannedForEncodings = 0;
			knownRegions = (
				en,
				Base,
			);
			mainGroup = DADBABDB22992A1A00FD6A5A;
			productRefGroup = DADBABE522992A1A00FD6A5A /* Products */;
			projectDirPath = "";
			projectRoot = "";
			targets = (
				DADBABE322992A1A00FD6A5A /* doit */,
			);
		};
/* End PBXProject section */

/* Begin PBXResourcesBuildPhase section */
		DADBABE222992A1A00FD6A5A /* Resources */ = {
			isa = PBXResourcesBuildPhase;
			buildActionMask = 2147483647;
			files = (
				DADBABF222992A1A00FD6A5A /* LaunchScreen.storyboard in Resources */,
				DADBABEF22992A1A00FD6A5A /* Assets.xcassets in Resources */,
				DADBAC072299310E00FD6A5A /* GoogleService-Info.plist in Resources */,
			);
			runOnlyForDeploymentPostprocessing = 0;
		};
/* End PBXResourcesBuildPhase section */

/* Begin PBXShellScriptBuildPhase section */
		C5D862B975AEE4FE2248E130 /* [CP] Embed Pods Frameworks */ = {
			isa = PBXShellScriptBuildPhase;
			buildActionMask = 2147483647;
			files = (
			);
			inputFileListPaths = (
			);
			inputPaths = (
				"${SRCROOT}/Pods/Target Support Files/Pods-doit/Pods-doit-frameworks.sh",
				"${BUILT_PRODUCTS_DIR}/Alamofire/Alamofire.framework",
				"${BUILT_PRODUCTS_DIR}/GoogleUtilities/GoogleUtilities.framework",
				"${BUILT_PRODUCTS_DIR}/Kingfisher/Kingfisher.framework",
				"${BUILT_PRODUCTS_DIR}/RxCocoa/RxCocoa.framework",
				"${BUILT_PRODUCTS_DIR}/RxRelay/RxRelay.framework",
				"${BUILT_PRODUCTS_DIR}/RxSwift/RxSwift.framework",
				"${BUILT_PRODUCTS_DIR}/SnapKit/SnapKit.framework",
				"${BUILT_PRODUCTS_DIR}/nanopb/nanopb.framework",
			);
			name = "[CP] Embed Pods Frameworks";
			outputFileListPaths = (
			);
			outputPaths = (
				"${TARGET_BUILD_DIR}/${FRAMEWORKS_FOLDER_PATH}/Alamofire.framework",
				"${TARGET_BUILD_DIR}/${FRAMEWORKS_FOLDER_PATH}/GoogleUtilities.framework",
				"${TARGET_BUILD_DIR}/${FRAMEWORKS_FOLDER_PATH}/Kingfisher.framework",
				"${TARGET_BUILD_DIR}/${FRAMEWORKS_FOLDER_PATH}/RxCocoa.framework",
				"${TARGET_BUILD_DIR}/${FRAMEWORKS_FOLDER_PATH}/RxRelay.framework",
				"${TARGET_BUILD_DIR}/${FRAMEWORKS_FOLDER_PATH}/RxSwift.framework",
				"${TARGET_BUILD_DIR}/${FRAMEWORKS_FOLDER_PATH}/SnapKit.framework",
				"${TARGET_BUILD_DIR}/${FRAMEWORKS_FOLDER_PATH}/nanopb.framework",
			);
			runOnlyForDeploymentPostprocessing = 0;
			shellPath = /bin/sh;
			shellScript = "\"${SRCROOT}/Pods/Target Support Files/Pods-doit/Pods-doit-frameworks.sh\"\n";
			showEnvVarsInLog = 0;
		};
		DF9AE55C8EE821A66CDD62C0 /* [CP] Check Pods Manifest.lock */ = {
			isa = PBXShellScriptBuildPhase;
			buildActionMask = 2147483647;
			files = (
			);
			inputFileListPaths = (
			);
			inputPaths = (
				"${PODS_PODFILE_DIR_PATH}/Podfile.lock",
				"${PODS_ROOT}/Manifest.lock",
			);
			name = "[CP] Check Pods Manifest.lock";
			outputFileListPaths = (
			);
			outputPaths = (
				"$(DERIVED_FILE_DIR)/Pods-doit-checkManifestLockResult.txt",
			);
			runOnlyForDeploymentPostprocessing = 0;
			shellPath = /bin/sh;
			shellScript = "diff \"${PODS_PODFILE_DIR_PATH}/Podfile.lock\" \"${PODS_ROOT}/Manifest.lock\" > /dev/null\nif [ $? != 0 ] ; then\n    # print error to STDERR\n    echo \"error: The sandbox is not in sync with the Podfile.lock. Run 'pod install' or update your CocoaPods installation.\" >&2\n    exit 1\nfi\n# This output is used by Xcode 'outputs' to avoid re-running this script phase.\necho \"SUCCESS\" > \"${SCRIPT_OUTPUT_FILE_0}\"\n";
			showEnvVarsInLog = 0;
		};
/* End PBXShellScriptBuildPhase section */

/* Begin PBXSourcesBuildPhase section */
		DADBABE022992A1A00FD6A5A /* Sources */ = {
			isa = PBXSourcesBuildPhase;
			buildActionMask = 2147483647;
			files = (
				DAF0483E22D086F6000CBC4B /* PagingCollectionViewFlowLayout.swift in Sources */,
				DAD7A83F22C8D56B00FCA0E5 /* NavigationBarHighlightButton.swift in Sources */,
				DADBAC09229933A100FD6A5A /* GoalsViewController.swift in Sources */,
				DA3C93E122E3073400711267 /* SettingsHeaderView.swift in Sources */,
				DA40A5EE22A27390006431A4 /* Date.swift in Sources */,
				DAD7A83C22C8D53F00FCA0E5 /* NavigationBarView.swift in Sources */,
				DADBAC1C2299378200FD6A5A /* String.swift in Sources */,
				DAD7A84922C8E2AA00FCA0E5 /* NavigationBarButton.swift in Sources */,
				DA3C93DB22E2ECE400711267 /* ProfileMetaView.swift in Sources */,
				DAF0484122D08DCC000CBC4B /* Goal.swift in Sources */,
				DADBAC0E229936CF00FD6A5A /* SettingsProvider.swift in Sources */,
				DADBAC0D229936CF00FD6A5A /* FontProvider.swift in Sources */,
				DADBAC1D2299378200FD6A5A /* UIImageView.swift in Sources */,
				DAD7A84522C8D7F900FCA0E5 /* UIFont.swift in Sources */,
				DA3C93E722E308C800711267 /* TextSettingsViewCell.swift in Sources */,
				DA3C93E322E308A800711267 /* PlainSettingsViewCell.swift in Sources */,
				DA3C93EE22E30C8D00711267 /* AppSettingsView.swift in Sources */,
				DAD7A84122C8D5C300FCA0E5 /* CustomTabBarController.swift in Sources */,
				DAD7A84322C8D77100FCA0E5 /* ProfileViewController.swift in Sources */,
				DADBABFE22992B3600FD6A5A /* LoginViewController.swift in Sources */,
				DADBAC1A2299378200FD6A5A /* UIColor.swift in Sources */,
				DA3C93E522E308B700711267 /* SwitchableSettingsViewCell.swift in Sources */,
				DA40A5EA22A269A2006431A4 /* ImagePickerViewController.swift in Sources */,
				DAF0483222D07C67000CBC4B /* UIButton.swift in Sources */,
				DAF0483A22D0867C000CBC4B /* GoalViewCell.swift in Sources */,
				DADBAC1B2299378200FD6A5A /* UITableViewCell.swift in Sources */,
				DA649B0822D9AE8700F9F371 /* GoalsViewModel.swift in Sources */,
				DA3C93DF22E3069C00711267 /* AlertSettingsView.swift in Sources */,
				DADBAC182299378200FD6A5A /* CALayer.swift in Sources */,
				DAF0484422D09558000CBC4B /* AddGoalViewController.swift in Sources */,
				DA40A5EC22A26D5A006431A4 /* TimerViewController.swift in Sources */,
				DA3C93EC22E30C8500711267 /* FeedbackSettingsView.swift in Sources */,
				DADBAC192299378200FD6A5A /* Array.swift in Sources */,
				DAF0483722D07E4C000CBC4B /* AddShootViewController.swift in Sources */,
				DADBABFD22992B3600FD6A5A /* SplashViewController.swift in Sources */,
				DADBABE822992A1A00FD6A5A /* AppDelegate.swift in Sources */,
				DAD7A84722C8E21800FCA0E5 /* NavigationOption.swift in Sources */,
				DA649B0A22D9BF2500F9F371 /* CircularProgressBar.swift in Sources */,
				DA3C93EA22E30BD400711267 /* GoalSettingsView.swift in Sources */,
			);
			runOnlyForDeploymentPostprocessing = 0;
		};
/* End PBXSourcesBuildPhase section */

/* Begin PBXVariantGroup section */
		DADBABF022992A1A00FD6A5A /* LaunchScreen.storyboard */ = {
			isa = PBXVariantGroup;
			children = (
				DADBABF122992A1A00FD6A5A /* Base */,
			);
			name = LaunchScreen.storyboard;
			sourceTree = "<group>";
		};
/* End PBXVariantGroup section */

/* Begin XCBuildConfiguration section */
		DADBABF422992A1A00FD6A5A /* Debug */ = {
			isa = XCBuildConfiguration;
			buildSettings = {
				ALWAYS_SEARCH_USER_PATHS = NO;
				CLANG_ANALYZER_NONNULL = YES;
				CLANG_ANALYZER_NUMBER_OBJECT_CONVERSION = YES_AGGRESSIVE;
				CLANG_CXX_LANGUAGE_STANDARD = "gnu++14";
				CLANG_CXX_LIBRARY = "libc++";
				CLANG_ENABLE_MODULES = YES;
				CLANG_ENABLE_OBJC_ARC = YES;
				CLANG_ENABLE_OBJC_WEAK = YES;
				CLANG_WARN_BLOCK_CAPTURE_AUTORELEASING = YES;
				CLANG_WARN_BOOL_CONVERSION = YES;
				CLANG_WARN_COMMA = YES;
				CLANG_WARN_CONSTANT_CONVERSION = YES;
				CLANG_WARN_DEPRECATED_OBJC_IMPLEMENTATIONS = YES;
				CLANG_WARN_DIRECT_OBJC_ISA_USAGE = YES_ERROR;
				CLANG_WARN_DOCUMENTATION_COMMENTS = YES;
				CLANG_WARN_EMPTY_BODY = YES;
				CLANG_WARN_ENUM_CONVERSION = YES;
				CLANG_WARN_INFINITE_RECURSION = YES;
				CLANG_WARN_INT_CONVERSION = YES;
				CLANG_WARN_NON_LITERAL_NULL_CONVERSION = YES;
				CLANG_WARN_OBJC_IMPLICIT_RETAIN_SELF = YES;
				CLANG_WARN_OBJC_LITERAL_CONVERSION = YES;
				CLANG_WARN_OBJC_ROOT_CLASS = YES_ERROR;
				CLANG_WARN_RANGE_LOOP_ANALYSIS = YES;
				CLANG_WARN_STRICT_PROTOTYPES = YES;
				CLANG_WARN_SUSPICIOUS_MOVE = YES;
				CLANG_WARN_UNGUARDED_AVAILABILITY = YES_AGGRESSIVE;
				CLANG_WARN_UNREACHABLE_CODE = YES;
				CLANG_WARN__DUPLICATE_METHOD_MATCH = YES;
				CODE_SIGN_IDENTITY = "iPhone Developer";
				COPY_PHASE_STRIP = NO;
				DEBUG_INFORMATION_FORMAT = dwarf;
				ENABLE_STRICT_OBJC_MSGSEND = YES;
				ENABLE_TESTABILITY = YES;
				GCC_C_LANGUAGE_STANDARD = gnu11;
				GCC_DYNAMIC_NO_PIC = NO;
				GCC_NO_COMMON_BLOCKS = YES;
				GCC_OPTIMIZATION_LEVEL = 0;
				GCC_PREPROCESSOR_DEFINITIONS = (
					"DEBUG=1",
					"$(inherited)",
				);
				GCC_WARN_64_TO_32_BIT_CONVERSION = YES;
				GCC_WARN_ABOUT_RETURN_TYPE = YES_ERROR;
				GCC_WARN_UNDECLARED_SELECTOR = YES;
				GCC_WARN_UNINITIALIZED_AUTOS = YES_AGGRESSIVE;
				GCC_WARN_UNUSED_FUNCTION = YES;
				GCC_WARN_UNUSED_VARIABLE = YES;
				IPHONEOS_DEPLOYMENT_TARGET = 12.2;
				MTL_ENABLE_DEBUG_INFO = INCLUDE_SOURCE;
				MTL_FAST_MATH = YES;
				ONLY_ACTIVE_ARCH = YES;
				SDKROOT = iphoneos;
				SWIFT_ACTIVE_COMPILATION_CONDITIONS = DEBUG;
				SWIFT_OPTIMIZATION_LEVEL = "-Onone";
			};
			name = Debug;
		};
		DADBABF522992A1A00FD6A5A /* Release */ = {
			isa = XCBuildConfiguration;
			buildSettings = {
				ALWAYS_SEARCH_USER_PATHS = NO;
				CLANG_ANALYZER_NONNULL = YES;
				CLANG_ANALYZER_NUMBER_OBJECT_CONVERSION = YES_AGGRESSIVE;
				CLANG_CXX_LANGUAGE_STANDARD = "gnu++14";
				CLANG_CXX_LIBRARY = "libc++";
				CLANG_ENABLE_MODULES = YES;
				CLANG_ENABLE_OBJC_ARC = YES;
				CLANG_ENABLE_OBJC_WEAK = YES;
				CLANG_WARN_BLOCK_CAPTURE_AUTORELEASING = YES;
				CLANG_WARN_BOOL_CONVERSION = YES;
				CLANG_WARN_COMMA = YES;
				CLANG_WARN_CONSTANT_CONVERSION = YES;
				CLANG_WARN_DEPRECATED_OBJC_IMPLEMENTATIONS = YES;
				CLANG_WARN_DIRECT_OBJC_ISA_USAGE = YES_ERROR;
				CLANG_WARN_DOCUMENTATION_COMMENTS = YES;
				CLANG_WARN_EMPTY_BODY = YES;
				CLANG_WARN_ENUM_CONVERSION = YES;
				CLANG_WARN_INFINITE_RECURSION = YES;
				CLANG_WARN_INT_CONVERSION = YES;
				CLANG_WARN_NON_LITERAL_NULL_CONVERSION = YES;
				CLANG_WARN_OBJC_IMPLICIT_RETAIN_SELF = YES;
				CLANG_WARN_OBJC_LITERAL_CONVERSION = YES;
				CLANG_WARN_OBJC_ROOT_CLASS = YES_ERROR;
				CLANG_WARN_RANGE_LOOP_ANALYSIS = YES;
				CLANG_WARN_STRICT_PROTOTYPES = YES;
				CLANG_WARN_SUSPICIOUS_MOVE = YES;
				CLANG_WARN_UNGUARDED_AVAILABILITY = YES_AGGRESSIVE;
				CLANG_WARN_UNREACHABLE_CODE = YES;
				CLANG_WARN__DUPLICATE_METHOD_MATCH = YES;
				CODE_SIGN_IDENTITY = "iPhone Developer";
				COPY_PHASE_STRIP = NO;
				DEBUG_INFORMATION_FORMAT = "dwarf-with-dsym";
				ENABLE_NS_ASSERTIONS = NO;
				ENABLE_STRICT_OBJC_MSGSEND = YES;
				GCC_C_LANGUAGE_STANDARD = gnu11;
				GCC_NO_COMMON_BLOCKS = YES;
				GCC_WARN_64_TO_32_BIT_CONVERSION = YES;
				GCC_WARN_ABOUT_RETURN_TYPE = YES_ERROR;
				GCC_WARN_UNDECLARED_SELECTOR = YES;
				GCC_WARN_UNINITIALIZED_AUTOS = YES_AGGRESSIVE;
				GCC_WARN_UNUSED_FUNCTION = YES;
				GCC_WARN_UNUSED_VARIABLE = YES;
				IPHONEOS_DEPLOYMENT_TARGET = 12.2;
				MTL_ENABLE_DEBUG_INFO = NO;
				MTL_FAST_MATH = YES;
				SDKROOT = iphoneos;
				SWIFT_COMPILATION_MODE = wholemodule;
				SWIFT_OPTIMIZATION_LEVEL = "-O";
				VALIDATE_PRODUCT = YES;
			};
			name = Release;
		};
		DADBABF722992A1A00FD6A5A /* Debug */ = {
			isa = XCBuildConfiguration;
			baseConfigurationReference = 321E332FC45F75F1461D8BBF /* Pods-doit.debug.xcconfig */;
			buildSettings = {
				ASSETCATALOG_COMPILER_APPICON_NAME = AppIcon;
				CODE_SIGN_STYLE = Automatic;
				DEVELOPMENT_TEAM = 8KLUK5NY37;
				FRAMEWORK_SEARCH_PATHS = (
					"$(inherited)",
					"$(PROJECT_DIR)",
				);
				INFOPLIST_FILE = doit/Info.plist;
				IPHONEOS_DEPLOYMENT_TARGET = 12.1;
				LD_RUNPATH_SEARCH_PATHS = (
					"$(inherited)",
					"@executable_path/Frameworks",
				);
				OTHER_LDFLAGS = (
					"$(inherited)",
					"-ObjC",
					"-l\"c++\"",
					"-l\"sqlite3\"",
					"-l\"z\"",
					"-framework",
					"\"Alamofire\"",
					"-framework",
					"\"FIRAnalyticsConnector\"",
					"-framework",
					"\"FirebaseAnalytics\"",
					"-framework",
					"\"FirebaseCore\"",
					"-framework",
					"\"FirebaseCoreDiagnostics\"",
					"-framework",
					"\"FirebaseInstanceID\"",
					"-framework",
					"\"Foundation\"",
					"-framework",
					"\"GoogleAppMeasurement\"",
					"-framework",
					"\"GoogleUtilities\"",
					"-framework",
					"\"RxCocoa\"",
					"-framework",
					"\"RxRelay\"",
					"-framework",
					"\"RxSwift\"",
					"-framework",
					"\"Security\"",
					"-framework",
					"\"SnapKit\"",
					"-framework",
					"\"StoreKit\"",
					"-framework",
					"\"nanopb\"",
					"-all_load",
				);
				PRODUCT_BUNDLE_IDENTIFIER = com.depromeet.doit;
				PRODUCT_NAME = "$(TARGET_NAME)";
				SWIFT_OBJC_BRIDGING_HEADER = "doit/KakaoOpenSDK-Bridging-Header.h";
				SWIFT_VERSION = 5.0;
				TARGETED_DEVICE_FAMILY = "1,2";
			};
			name = Debug;
		};
		DADBABF822992A1A00FD6A5A /* Release */ = {
			isa = XCBuildConfiguration;
			baseConfigurationReference = 906B48CFB9F90F305776D360 /* Pods-doit.release.xcconfig */;
			buildSettings = {
				ASSETCATALOG_COMPILER_APPICON_NAME = AppIcon;
				CODE_SIGN_STYLE = Automatic;
				DEVELOPMENT_TEAM = 8KLUK5NY37;
				FRAMEWORK_SEARCH_PATHS = (
					"$(inherited)",
					"$(PROJECT_DIR)",
				);
				INFOPLIST_FILE = doit/Info.plist;
				IPHONEOS_DEPLOYMENT_TARGET = 12.1;
				LD_RUNPATH_SEARCH_PATHS = (
					"$(inherited)",
					"@executable_path/Frameworks",
				);
				OTHER_LDFLAGS = (
					"$(inherited)",
					"-ObjC",
					"-l\"c++\"",
					"-l\"sqlite3\"",
					"-l\"z\"",
					"-framework",
					"\"Alamofire\"",
					"-framework",
					"\"FIRAnalyticsConnector\"",
					"-framework",
					"\"FirebaseAnalytics\"",
					"-framework",
					"\"FirebaseCore\"",
					"-framework",
					"\"FirebaseCoreDiagnostics\"",
					"-framework",
					"\"FirebaseInstanceID\"",
					"-framework",
					"\"Foundation\"",
					"-framework",
					"\"GoogleAppMeasurement\"",
					"-framework",
					"\"GoogleUtilities\"",
					"-framework",
					"\"RxCocoa\"",
					"-framework",
					"\"RxRelay\"",
					"-framework",
					"\"RxSwift\"",
					"-framework",
					"\"Security\"",
					"-framework",
					"\"SnapKit\"",
					"-framework",
					"\"StoreKit\"",
					"-framework",
					"\"nanopb\"",
					"-all_load",
				);
				PRODUCT_BUNDLE_IDENTIFIER = com.depromeet.doit;
				PRODUCT_NAME = "$(TARGET_NAME)";
				SWIFT_OBJC_BRIDGING_HEADER = "doit/KakaoOpenSDK-Bridging-Header.h";
				SWIFT_VERSION = 5.0;
				TARGETED_DEVICE_FAMILY = "1,2";
			};
			name = Release;
		};
/* End XCBuildConfiguration section */

/* Begin XCConfigurationList section */
		DADBABDF22992A1A00FD6A5A /* Build configuration list for PBXProject "doit" */ = {
			isa = XCConfigurationList;
			buildConfigurations = (
				DADBABF422992A1A00FD6A5A /* Debug */,
				DADBABF522992A1A00FD6A5A /* Release */,
			);
			defaultConfigurationIsVisible = 0;
			defaultConfigurationName = Release;
		};
		DADBABF622992A1A00FD6A5A /* Build configuration list for PBXNativeTarget "doit" */ = {
			isa = XCConfigurationList;
			buildConfigurations = (
				DADBABF722992A1A00FD6A5A /* Debug */,
				DADBABF822992A1A00FD6A5A /* Release */,
			);
			defaultConfigurationIsVisible = 0;
			defaultConfigurationName = Release;
		};
/* End XCConfigurationList section */
	};
	rootObject = DADBABDC22992A1A00FD6A5A /* Project object */;
}
